// !$*UTF8*$!
{
	archiveVersion = 1;
	classes = {
	};
	objectVersion = 55;
	objects = {

/* Begin PBXBuildFile section */
		1E97529388CD2794CCCF962F /* Pods_Day3.framework in Frameworks */ = {isa = PBXBuildFile; fileRef = A311A3E62EA52BA1B7A4397E /* Pods_Day3.framework */; };
		72656E802859BEB800391CB8 /* ImageLoad.swift in Sources */ = {isa = PBXBuildFile; fileRef = 72656E7F2859BEB800391CB8 /* ImageLoad.swift */; };
		72656E822859CBC800391CB8 /* AmazonBooks.json in Resources */ = {isa = PBXBuildFile; fileRef = 72656E812859CBC800391CB8 /* AmazonBooks.json */; };
		727DF4152859700C00F9C3B9 /* AppDelegate.swift in Sources */ = {isa = PBXBuildFile; fileRef = 727DF4142859700C00F9C3B9 /* AppDelegate.swift */; };
		727DF4172859700C00F9C3B9 /* SceneDelegate.swift in Sources */ = {isa = PBXBuildFile; fileRef = 727DF4162859700C00F9C3B9 /* SceneDelegate.swift */; };
		727DF4192859700C00F9C3B9 /* ViewController.swift in Sources */ = {isa = PBXBuildFile; fileRef = 727DF4182859700C00F9C3B9 /* ViewController.swift */; };
		727DF41C2859700D00F9C3B9 /* Main.storyboard in Resources */ = {isa = PBXBuildFile; fileRef = 727DF41A2859700D00F9C3B9 /* Main.storyboard */; };
		727DF41E2859700F00F9C3B9 /* Assets.xcassets in Resources */ = {isa = PBXBuildFile; fileRef = 727DF41D2859700F00F9C3B9 /* Assets.xcassets */; };
		727DF4212859700F00F9C3B9 /* LaunchScreen.storyboard in Resources */ = {isa = PBXBuildFile; fileRef = 727DF41F2859700F00F9C3B9 /* LaunchScreen.storyboard */; };
		727DF42A2859715800F9C3B9 /* TableViewCell.swift in Sources */ = {isa = PBXBuildFile; fileRef = 727DF4282859715800F9C3B9 /* TableViewCell.swift */; };
		727DF42B2859715800F9C3B9 /* TableViewCell.xib in Resources */ = {isa = PBXBuildFile; fileRef = 727DF4292859715800F9C3B9 /* TableViewCell.xib */; };
		727DF42E28597A2600F9C3B9 /* DetailViewController.swift in Sources */ = {isa = PBXBuildFile; fileRef = 727DF42D28597A2600F9C3B9 /* DetailViewController.swift */; };
		727DF43028597DF100F9C3B9 /* books.json in Resources */ = {isa = PBXBuildFile; fileRef = 727DF42F28597DF100F9C3B9 /* books.json */; };
		727DF43328597E2300F9C3B9 /* Model.swift in Sources */ = {isa = PBXBuildFile; fileRef = 727DF43228597E2300F9C3B9 /* Model.swift */; };
		727DF43528597EB700F9C3B9 /* JSONParse.swift in Sources */ = {isa = PBXBuildFile; fileRef = 727DF43428597EB700F9C3B9 /* JSONParse.swift */; };
/* End PBXBuildFile section */

/* Begin PBXFileReference section */
		706C09E19742245A192D70A2 /* Pods-Day3.release.xcconfig */ = {isa = PBXFileReference; includeInIndex = 1; lastKnownFileType = text.xcconfig; name = "Pods-Day3.release.xcconfig"; path = "Target Support Files/Pods-Day3/Pods-Day3.release.xcconfig"; sourceTree = "<group>"; };
		72656E7F2859BEB800391CB8 /* ImageLoad.swift */ = {isa = PBXFileReference; lastKnownFileType = sourcecode.swift; path = ImageLoad.swift; sourceTree = "<group>"; };
		72656E812859CBC800391CB8 /* AmazonBooks.json */ = {isa = PBXFileReference; fileEncoding = 4; lastKnownFileType = text.json; name = AmazonBooks.json; path = ../../../../Downloads/AmazonBooks.json; sourceTree = "<group>"; };
		727DF4112859700C00F9C3B9 /* Day3.app */ = {isa = PBXFileReference; explicitFileType = wrapper.application; includeInIndex = 0; path = Day3.app; sourceTree = BUILT_PRODUCTS_DIR; };
		727DF4142859700C00F9C3B9 /* AppDelegate.swift */ = {isa = PBXFileReference; lastKnownFileType = sourcecode.swift; path = AppDelegate.swift; sourceTree = "<group>"; };
		727DF4162859700C00F9C3B9 /* SceneDelegate.swift */ = {isa = PBXFileReference; lastKnownFileType = sourcecode.swift; path = SceneDelegate.swift; sourceTree = "<group>"; };
		727DF4182859700C00F9C3B9 /* ViewController.swift */ = {isa = PBXFileReference; lastKnownFileType = sourcecode.swift; path = ViewController.swift; sourceTree = "<group>"; };
		727DF41B2859700D00F9C3B9 /* Base */ = {isa = PBXFileReference; lastKnownFileType = file.storyboard; name = Base; path = Base.lproj/Main.storyboard; sourceTree = "<group>"; };
		727DF41D2859700F00F9C3B9 /* Assets.xcassets */ = {isa = PBXFileReference; lastKnownFileType = folder.assetcatalog; path = Assets.xcassets; sourceTree = "<group>"; };
		727DF4202859700F00F9C3B9 /* Base */ = {isa = PBXFileReference; lastKnownFileType = file.storyboard; name = Base; path = Base.lproj/LaunchScreen.storyboard; sourceTree = "<group>"; };
		727DF4222859700F00F9C3B9 /* Info.plist */ = {isa = PBXFileReference; lastKnownFileType = text.plist.xml; path = Info.plist; sourceTree = "<group>"; };
		727DF4282859715800F9C3B9 /* TableViewCell.swift */ = {isa = PBXFileReference; lastKnownFileType = sourcecode.swift; path = TableViewCell.swift; sourceTree = "<group>"; };
		727DF4292859715800F9C3B9 /* TableViewCell.xib */ = {isa = PBXFileReference; lastKnownFileType = file.xib; path = TableViewCell.xib; sourceTree = "<group>"; };
		727DF42D28597A2600F9C3B9 /* DetailViewController.swift */ = {isa = PBXFileReference; lastKnownFileType = sourcecode.swift; path = DetailViewController.swift; sourceTree = "<group>"; };
		727DF42F28597DF100F9C3B9 /* books.json */ = {isa = PBXFileReference; fileEncoding = 4; lastKnownFileType = text.json; name = books.json; path = ../../books.json; sourceTree = "<group>"; };
		727DF43228597E2300F9C3B9 /* Model.swift */ = {isa = PBXFileReference; lastKnownFileType = sourcecode.swift; path = Model.swift; sourceTree = "<group>"; };
		727DF43428597EB700F9C3B9 /* JSONParse.swift */ = {isa = PBXFileReference; lastKnownFileType = sourcecode.swift; path = JSONParse.swift; sourceTree = "<group>"; };
		A311A3E62EA52BA1B7A4397E /* Pods_Day3.framework */ = {isa = PBXFileReference; explicitFileType = wrapper.framework; includeInIndex = 0; path = Pods_Day3.framework; sourceTree = BUILT_PRODUCTS_DIR; };
		E1D14FCAE6A6955002AD1058 /* Pods-Day3.debug.xcconfig */ = {isa = PBXFileReference; includeInIndex = 1; lastKnownFileType = text.xcconfig; name = "Pods-Day3.debug.xcconfig"; path = "Target Support Files/Pods-Day3/Pods-Day3.debug.xcconfig"; sourceTree = "<group>"; };
/* End PBXFileReference section */

/* Begin PBXFrameworksBuildPhase section */
		727DF40E2859700C00F9C3B9 /* Frameworks */ = {
			isa = PBXFrameworksBuildPhase;
			buildActionMask = 2147483647;
			files = (
				1E97529388CD2794CCCF962F /* Pods_Day3.framework in Frameworks */,
			);
			runOnlyForDeploymentPostprocessing = 0;
		};
/* End PBXFrameworksBuildPhase section */

/* Begin PBXGroup section */
		72656E7E2859BE9800391CB8 /* Extensions */ = {
			isa = PBXGroup;
			children = (
				72656E7F2859BEB800391CB8 /* ImageLoad.swift */,
			);
			path = Extensions;
			sourceTree = "<group>";
		};
		727DF4082859700C00F9C3B9 = {
			isa = PBXGroup;
			children = (
				727DF4132859700C00F9C3B9 /* Day3 */,
				727DF4122859700C00F9C3B9 /* Products */,
				814F937E3F8113663917EB69 /* Pods */,
				BCBC283F213C2046B1C7AE2E /* Frameworks */,
			);
			sourceTree = "<group>";
		};
		727DF4122859700C00F9C3B9 /* Products */ = {
			isa = PBXGroup;
			children = (
				727DF4112859700C00F9C3B9 /* Day3.app */,
			);
			name = Products;
			sourceTree = "<group>";
		};
		727DF4132859700C00F9C3B9 /* Day3 */ = {
			isa = PBXGroup;
			children = (
				727DF42F28597DF100F9C3B9 /* books.json */,
				72656E812859CBC800391CB8 /* AmazonBooks.json */,
				727DF4142859700C00F9C3B9 /* AppDelegate.swift */,
				727DF4162859700C00F9C3B9 /* SceneDelegate.swift */,
				727DF4182859700C00F9C3B9 /* ViewController.swift */,
				727DF42D28597A2600F9C3B9 /* DetailViewController.swift */,
				72656E7E2859BE9800391CB8 /* Extensions */,
				727DF43128597E0500F9C3B9 /* Data */,
				727DF42C2859716200F9C3B9 /* TableView */,
				727DF41A2859700D00F9C3B9 /* Main.storyboard */,
				727DF41D2859700F00F9C3B9 /* Assets.xcassets */,
				727DF41F2859700F00F9C3B9 /* LaunchScreen.storyboard */,
				727DF4222859700F00F9C3B9 /* Info.plist */,
			);
			path = Day3;
			sourceTree = "<group>";
		};
		727DF42C2859716200F9C3B9 /* TableView */ = {
			isa = PBXGroup;
			children = (
				727DF4282859715800F9C3B9 /* TableViewCell.swift */,
				727DF4292859715800F9C3B9 /* TableViewCell.xib */,
			);
			path = TableView;
			sourceTree = "<group>";
		};
		727DF43128597E0500F9C3B9 /* Data */ = {
			isa = PBXGroup;
			children = (
				727DF43228597E2300F9C3B9 /* Model.swift */,
				727DF43428597EB700F9C3B9 /* JSONParse.swift */,
			);
			path = Data;
			sourceTree = "<group>";
		};
		814F937E3F8113663917EB69 /* Pods */ = {
			isa = PBXGroup;
			children = (
				E1D14FCAE6A6955002AD1058 /* Pods-Day3.debug.xcconfig */,
				706C09E19742245A192D70A2 /* Pods-Day3.release.xcconfig */,
			);
			name = Pods;
			path = Pods;
			sourceTree = "<group>";
		};
		BCBC283F213C2046B1C7AE2E /* Frameworks */ = {
			isa = PBXGroup;
			children = (
				A311A3E62EA52BA1B7A4397E /* Pods_Day3.framework */,
			);
			name = Frameworks;
			sourceTree = "<group>";
		};
/* End PBXGroup section */

/* Begin PBXNativeTarget section */
		727DF4102859700C00F9C3B9 /* Day3 */ = {
			isa = PBXNativeTarget;
			buildConfigurationList = 727DF4252859700F00F9C3B9 /* Build configuration list for PBXNativeTarget "Day3" */;
			buildPhases = (
				747752634D5C94DE1447831C /* [CP] Check Pods Manifest.lock */,
				727DF40D2859700C00F9C3B9 /* Sources */,
				727DF40E2859700C00F9C3B9 /* Frameworks */,
				727DF40F2859700C00F9C3B9 /* Resources */,
				FC17381A861954497C9E36F4 /* [CP] Embed Pods Frameworks */,
			);
			buildRules = (
			);
			dependencies = (
			);
			name = Day3;
			productName = Day3;
			productReference = 727DF4112859700C00F9C3B9 /* Day3.app */;
			productType = "com.apple.product-type.application";
		};
/* End PBXNativeTarget section */

/* Begin PBXProject section */
		727DF4092859700C00F9C3B9 /* Project object */ = {
			isa = PBXProject;
			attributes = {
				BuildIndependentTargetsInParallel = 1;
				LastSwiftUpdateCheck = 1330;
				LastUpgradeCheck = 1330;
				TargetAttributes = {
					727DF4102859700C00F9C3B9 = {
						CreatedOnToolsVersion = 13.3.1;
					};
				};
			};
			buildConfigurationList = 727DF40C2859700C00F9C3B9 /* Build configuration list for PBXProject "Day3" */;
			compatibilityVersion = "Xcode 13.0";
			developmentRegion = en;
			hasScannedForEncodings = 0;
			knownRegions = (
				en,
				Base,
			);
			mainGroup = 727DF4082859700C00F9C3B9;
			productRefGroup = 727DF4122859700C00F9C3B9 /* Products */;
			projectDirPath = "";
			projectRoot = "";
			targets = (
				727DF4102859700C00F9C3B9 /* Day3 */,
			);
		};
/* End PBXProject section */

/* Begin PBXResourcesBuildPhase section */
		727DF40F2859700C00F9C3B9 /* Resources */ = {
			isa = PBXResourcesBuildPhase;
			buildActionMask = 2147483647;
			files = (
				727DF43028597DF100F9C3B9 /* books.json in Resources */,
				727DF4212859700F00F9C3B9 /* LaunchScreen.storyboard in Resources */,
				727DF42B2859715800F9C3B9 /* TableViewCell.xib in Resources */,
				727DF41E2859700F00F9C3B9 /* Assets.xcassets in Resources */,
				72656E822859CBC800391CB8 /* AmazonBooks.json in Resources */,
				727DF41C2859700D00F9C3B9 /* Main.storyboard in Resources */,
			);
			runOnlyForDeploymentPostprocessing = 0;
		};
/* End PBXResourcesBuildPhase section */

/* Begin PBXShellScriptBuildPhase section */
		747752634D5C94DE1447831C /* [CP] Check Pods Manifest.lock */ = {
			isa = PBXShellScriptBuildPhase;
			buildActionMask = 2147483647;
			files = (
			);
			inputFileListPaths = (
			);
			inputPaths = (
				"${PODS_PODFILE_DIR_PATH}/Podfile.lock",
				"${PODS_ROOT}/Manifest.lock",
			);
			name = "[CP] Check Pods Manifest.lock";
			outputFileListPaths = (
			);
			outputPaths = (
				"$(DERIVED_FILE_DIR)/Pods-Day3-checkManifestLockResult.txt",
			);
			runOnlyForDeploymentPostprocessing = 0;
			shellPath = /bin/sh;
			shellScript = "diff \"${PODS_PODFILE_DIR_PATH}/Podfile.lock\" \"${PODS_ROOT}/Manifest.lock\" > /dev/null\nif [ $? != 0 ] ; then\n    # print error to STDERR\n    echo \"error: The sandbox is not in sync with the Podfile.lock. Run 'pod install' or update your CocoaPods installation.\" >&2\n    exit 1\nfi\n# This output is used by Xcode 'outputs' to avoid re-running this script phase.\necho \"SUCCESS\" > \"${SCRIPT_OUTPUT_FILE_0}\"\n";
			showEnvVarsInLog = 0;
		};
		FC17381A861954497C9E36F4 /* [CP] Embed Pods Frameworks */ = {
			isa = PBXShellScriptBuildPhase;
			buildActionMask = 2147483647;
			files = (
			);
			inputFileListPaths = (
				"${PODS_ROOT}/Target Support Files/Pods-Day3/Pods-Day3-frameworks-${CONFIGURATION}-input-files.xcfilelist",
			);
			name = "[CP] Embed Pods Frameworks";
			outputFileListPaths = (
				"${PODS_ROOT}/Target Support Files/Pods-Day3/Pods-Day3-frameworks-${CONFIGURATION}-output-files.xcfilelist",
			);
			runOnlyForDeploymentPostprocessing = 0;
			shellPath = /bin/sh;
			shellScript = "\"${PODS_ROOT}/Target Support Files/Pods-Day3/Pods-Day3-frameworks.sh\"\n";
			showEnvVarsInLog = 0;
		};
/* End PBXShellScriptBuildPhase section */

/* Begin PBXSourcesBuildPhase section */
		727DF40D2859700C00F9C3B9 /* Sources */ = {
			isa = PBXSourcesBuildPhase;
			buildActionMask = 2147483647;
			files = (
				727DF4192859700C00F9C3B9 /* ViewController.swift in Sources */,
				727DF42A2859715800F9C3B9 /* TableViewCell.swift in Sources */,
				727DF43528597EB700F9C3B9 /* JSONParse.swift in Sources */,
				727DF42E28597A2600F9C3B9 /* DetailViewController.swift in Sources */,
				727DF43328597E2300F9C3B9 /* Model.swift in Sources */,
				72656E802859BEB800391CB8 /* ImageLoad.swift in Sources */,
				727DF4152859700C00F9C3B9 /* AppDelegate.swift in Sources */,
				727DF4172859700C00F9C3B9 /* SceneDelegate.swift in Sources */,
			);
			runOnlyForDeploymentPostprocessing = 0;
		};
/* End PBXSourcesBuildPhase section */

/* Begin PBXVariantGroup section */
		727DF41A2859700D00F9C3B9 /* Main.storyboard */ = {
			isa = PBXVariantGroup;
			children = (
				727DF41B2859700D00F9C3B9 /* Base */,
			);
			name = Main.storyboard;
			sourceTree = "<group>";
		};
		727DF41F2859700F00F9C3B9 /* LaunchScreen.storyboard */ = {
			isa = PBXVariantGroup;
			children = (
				727DF4202859700F00F9C3B9 /* Base */,
			);
			name = LaunchScreen.storyboard;
			sourceTree = "<group>";
		};
/* End PBXVariantGroup section */

/* Begin XCBuildConfiguration section */
		727DF4232859700F00F9C3B9 /* Debug */ = {
			isa = XCBuildConfiguration;
			buildSettings = {
				ALWAYS_SEARCH_USER_PATHS = NO;
				CLANG_ANALYZER_NONNULL = YES;
				CLANG_ANALYZER_NUMBER_OBJECT_CONVERSION = YES_AGGRESSIVE;
				CLANG_CXX_LANGUAGE_STANDARD = "gnu++17";
				CLANG_ENABLE_MODULES = YES;
				CLANG_ENABLE_OBJC_ARC = YES;
				CLANG_ENABLE_OBJC_WEAK = YES;
				CLANG_WARN_BLOCK_CAPTURE_AUTORELEASING = YES;
				CLANG_WARN_BOOL_CONVERSION = YES;
				CLANG_WARN_COMMA = YES;
				CLANG_WARN_CONSTANT_CONVERSION = YES;
				CLANG_WARN_DEPRECATED_OBJC_IMPLEMENTATIONS = YES;
				CLANG_WARN_DIRECT_OBJC_ISA_USAGE = YES_ERROR;
				CLANG_WARN_DOCUMENTATION_COMMENTS = YES;
				CLANG_WARN_EMPTY_BODY = YES;
				CLANG_WARN_ENUM_CONVERSION = YES;
				CLANG_WARN_INFINITE_RECURSION = YES;
				CLANG_WARN_INT_CONVERSION = YES;
				CLANG_WARN_NON_LITERAL_NULL_CONVERSION = YES;
				CLANG_WARN_OBJC_IMPLICIT_RETAIN_SELF = YES;
				CLANG_WARN_OBJC_LITERAL_CONVERSION = YES;
				CLANG_WARN_OBJC_ROOT_CLASS = YES_ERROR;
				CLANG_WARN_QUOTED_INCLUDE_IN_FRAMEWORK_HEADER = YES;
				CLANG_WARN_RANGE_LOOP_ANALYSIS = YES;
				CLANG_WARN_STRICT_PROTOTYPES = YES;
				CLANG_WARN_SUSPICIOUS_MOVE = YES;
				CLANG_WARN_UNGUARDED_AVAILABILITY = YES_AGGRESSIVE;
				CLANG_WARN_UNREACHABLE_CODE = YES;
				CLANG_WARN__DUPLICATE_METHOD_MATCH = YES;
				COPY_PHASE_STRIP = NO;
				DEBUG_INFORMATION_FORMAT = dwarf;
				ENABLE_STRICT_OBJC_MSGSEND = YES;
				ENABLE_TESTABILITY = YES;
				GCC_C_LANGUAGE_STANDARD = gnu11;
				GCC_DYNAMIC_NO_PIC = NO;
				GCC_NO_COMMON_BLOCKS = YES;
				GCC_OPTIMIZATION_LEVEL = 0;
				GCC_PREPROCESSOR_DEFINITIONS = (
					"DEBUG=1",
					"$(inherited)",
				);
				GCC_WARN_64_TO_32_BIT_CONVERSION = YES;
				GCC_WARN_ABOUT_RETURN_TYPE = YES_ERROR;
				GCC_WARN_UNDECLARED_SELECTOR = YES;
				GCC_WARN_UNINITIALIZED_AUTOS = YES_AGGRESSIVE;
				GCC_WARN_UNUSED_FUNCTION = YES;
				GCC_WARN_UNUSED_VARIABLE = YES;
				IPHONEOS_DEPLOYMENT_TARGET = 15.4;
				MTL_ENABLE_DEBUG_INFO = INCLUDE_SOURCE;
				MTL_FAST_MATH = YES;
				ONLY_ACTIVE_ARCH = YES;
				SDKROOT = iphoneos;
				SWIFT_ACTIVE_COMPILATION_CONDITIONS = DEBUG;
				SWIFT_OPTIMIZATION_LEVEL = "-Onone";
			};
			name = Debug;
		};
		727DF4242859700F00F9C3B9 /* Release */ = {
			isa = XCBuildConfiguration;
			buildSettings = {
				ALWAYS_SEARCH_USER_PATHS = NO;
				CLANG_ANALYZER_NONNULL = YES;
				CLANG_ANALYZER_NUMBER_OBJECT_CONVERSION = YES_AGGRESSIVE;
				CLANG_CXX_LANGUAGE_STANDARD = "gnu++17";
				CLANG_ENABLE_MODULES = YES;
				CLANG_ENABLE_OBJC_ARC = YES;
				CLANG_ENABLE_OBJC_WEAK = YES;
				CLANG_WARN_BLOCK_CAPTURE_AUTORELEASING = YES;
				CLANG_WARN_BOOL_CONVERSION = YES;
				CLANG_WARN_COMMA = YES;
				CLANG_WARN_CONSTANT_CONVERSION = YES;
				CLANG_WARN_DEPRECATED_OBJC_IMPLEMENTATIONS = YES;
				CLANG_WARN_DIRECT_OBJC_ISA_USAGE = YES_ERROR;
				CLANG_WARN_DOCUMENTATION_COMMENTS = YES;
				CLANG_WARN_EMPTY_BODY = YES;
				CLANG_WARN_ENUM_CONVERSION = YES;
				CLANG_WARN_INFINITE_RECURSION = YES;
				CLANG_WARN_INT_CONVERSION = YES;
				CLANG_WARN_NON_LITERAL_NULL_CONVERSION = YES;
				CLANG_WARN_OBJC_IMPLICIT_RETAIN_SELF = YES;
				CLANG_WARN_OBJC_LITERAL_CONVERSION = YES;
				CLANG_WARN_OBJC_ROOT_CLASS = YES_ERROR;
				CLANG_WARN_QUOTED_INCLUDE_IN_FRAMEWORK_HEADER = YES;
				CLANG_WARN_RANGE_LOOP_ANALYSIS = YES;
				CLANG_WARN_STRICT_PROTOTYPES = YES;
				CLANG_WARN_SUSPICIOUS_MOVE = YES;
				CLANG_WARN_UNGUARDED_AVAILABILITY = YES_AGGRESSIVE;
				CLANG_WARN_UNREACHABLE_CODE = YES;
				CLANG_WARN__DUPLICATE_METHOD_MATCH = YES;
				COPY_PHASE_STRIP = NO;
				DEBUG_INFORMATION_FORMAT = "dwarf-with-dsym";
				ENABLE_NS_ASSERTIONS = NO;
				ENABLE_STRICT_OBJC_MSGSEND = YES;
				GCC_C_LANGUAGE_STANDARD = gnu11;
				GCC_NO_COMMON_BLOCKS = YES;
				GCC_WARN_64_TO_32_BIT_CONVERSION = YES;
				GCC_WARN_ABOUT_RETURN_TYPE = YES_ERROR;
				GCC_WARN_UNDECLARED_SELECTOR = YES;
				GCC_WARN_UNINITIALIZED_AUTOS = YES_AGGRESSIVE;
				GCC_WARN_UNUSED_FUNCTION = YES;
				GCC_WARN_UNUSED_VARIABLE = YES;
				IPHONEOS_DEPLOYMENT_TARGET = 15.4;
				MTL_ENABLE_DEBUG_INFO = NO;
				MTL_FAST_MATH = YES;
				SDKROOT = iphoneos;
				SWIFT_COMPILATION_MODE = wholemodule;
				SWIFT_OPTIMIZATION_LEVEL = "-O";
				VALIDATE_PRODUCT = YES;
			};
			name = Release;
		};
		727DF4262859700F00F9C3B9 /* Debug */ = {
			isa = XCBuildConfiguration;
			baseConfigurationReference = E1D14FCAE6A6955002AD1058 /* Pods-Day3.debug.xcconfig */;
			buildSettings = {
				ASSETCATALOG_COMPILER_APPICON_NAME = AppIcon;
				ASSETCATALOG_COMPILER_GLOBAL_ACCENT_COLOR_NAME = AccentColor;
				CODE_SIGN_STYLE = Automatic;
				CURRENT_PROJECT_VERSION = 1;
				GENERATE_INFOPLIST_FILE = YES;
				INFOPLIST_FILE = Day3/Info.plist;
				INFOPLIST_KEY_UIApplicationSupportsIndirectInputEvents = YES;
				INFOPLIST_KEY_UILaunchStoryboardName = LaunchScreen;
				INFOPLIST_KEY_UIMainStoryboardFile = Main;
				INFOPLIST_KEY_UISupportedInterfaceOrientations_iPad = "UIInterfaceOrientationPortrait UIInterfaceOrientationPortraitUpsideDown UIInterfaceOrientationLandscapeLeft UIInterfaceOrientationLandscapeRight";
				INFOPLIST_KEY_UISupportedInterfaceOrientations_iPhone = "UIInterfaceOrientationPortrait UIInterfaceOrientationLandscapeLeft UIInterfaceOrientationLandscapeRight";
				LD_RUNPATH_SEARCH_PATHS = (
					"$(inherited)",
					"@executable_path/Frameworks",
				);
				MARKETING_VERSION = 1.0;
				PRODUCT_BUNDLE_IDENTIFIER = com.ocbcnisp.Day3;
				PRODUCT_NAME = "$(TARGET_NAME)";
				SWIFT_EMIT_LOC_STRINGS = YES;
				SWIFT_VERSION = 5.0;
				TARGETED_DEVICE_FAMILY = "1,2";
			};
			name = Debug;
		};
		727DF4272859700F00F9C3B9 /* Release */ = {
			isa = XCBuildConfiguration;
			baseConfigurationReference = 706C09E19742245A192D70A2 /* Pods-Day3.release.xcconfig */;
			buildSettings = {
				ASSETCATALOG_COMPILER_APPICON_NAME = AppIcon;
				ASSETCATALOG_COMPILER_GLOBAL_ACCENT_COLOR_NAME = AccentColor;
				CODE_SIGN_STYLE = Automatic;
				CURRENT_PROJECT_VERSION = 1;
				GENERATE_INFOPLIST_FILE = YES;
				INFOPLIST_FILE = Day3/Info.plist;
				INFOPLIST_KEY_UIApplicationSupportsIndirectInputEvents = YES;
				INFOPLIST_KEY_UILaunchStoryboardName = LaunchScreen;
				INFOPLIST_KEY_UIMainStoryboardFile = Main;
				INFOPLIST_KEY_UISupportedInterfaceOrientations_iPad = "UIInterfaceOrientationPortrait UIInterfaceOrientationPortraitUpsideDown UIInterfaceOrientationLandscapeLeft UIInterfaceOrientationLandscapeRight";
				INFOPLIST_KEY_UISupportedInterfaceOrientations_iPhone = "UIInterfaceOrientationPortrait UIInterfaceOrientationLandscapeLeft UIInterfaceOrientationLandscapeRight";
				LD_RUNPATH_SEARCH_PATHS = (
					"$(inherited)",
					"@executable_path/Frameworks",
				);
				MARKETING_VERSION = 1.0;
				PRODUCT_BUNDLE_IDENTIFIER = com.ocbcnisp.Day3;
				PRODUCT_NAME = "$(TARGET_NAME)";
				SWIFT_EMIT_LOC_STRINGS = YES;
				SWIFT_VERSION = 5.0;
				TARGETED_DEVICE_FAMILY = "1,2";
			};
			name = Release;
		};
/* End XCBuildConfiguration section */

/* Begin XCConfigurationList section */
		727DF40C2859700C00F9C3B9 /* Build configuration list for PBXProject "Day3" */ = {
			isa = XCConfigurationList;
			buildConfigurations = (
				727DF4232859700F00F9C3B9 /* Debug */,
				727DF4242859700F00F9C3B9 /* Release */,
			);
			defaultConfigurationIsVisible = 0;
			defaultConfigurationName = Release;
		};
		727DF4252859700F00F9C3B9 /* Build configuration list for PBXNativeTarget "Day3" */ = {
			isa = XCConfigurationList;
			buildConfigurations = (
				727DF4262859700F00F9C3B9 /* Debug */,
				727DF4272859700F00F9C3B9 /* Release */,
			);
			defaultConfigurationIsVisible = 0;
			defaultConfigurationName = Release;
		};
/* End XCConfigurationList section */
	};
	rootObject = 727DF4092859700C00F9C3B9 /* Project object */;
}
